
Microsoft Visual Studio Solution File, Format Version 12.00
# Visual Studio Version 17
VisualStudioVersion = 17.5.002.0
MinimumVisualStudioVersion = 10.0.40219.1
Project("{9A19103F-16F7-4668-BE54-9A1E7A4F7556}") = "DesafioFundamentos", "DesafioFundamentos\DesafioFundamentos.csproj", "{0083AE0E-FA2A-460A-9BFC-D7AE5661DBB9}"
EndProject
Global
	GlobalSection(SolutionConfigurationPlatforms) = preSolution
		Debug|Any CPU = Debug|Any CPU
		Release|Any CPU = Release|Any CPU
	EndGlobalSection
	GlobalSection(ProjectConfigurationPlatforms) = postSolution
		{0083AE0E-FA2A-460A-9BFC-D7AE5661DBB9}.Debug|Any CPU.ActiveCfg = Debug|Any CPU
		{0083AE0E-FA2A-460A-9BFC-D7AE5661DBB9}.Debug|Any CPU.Build.0 = Debug|Any CPU
		{0083AE0E-FA2A-460A-9BFC-D7AE5661DBB9}.Release|Any CPU.ActiveCfg = Release|Any CPU
		{0083AE0E-FA2A-460A-9BFC-D7AE5661DBB9}.Release|Any CPU.Build.0 = Release|Any CPU
	EndGlobalSection
	GlobalSection(SolutionProperties) = preSolution
		HideSolutionNode = FALSE
	EndGlobalSection
	GlobalSection(ExtensibilityGlobals) = postSolution
		SolutionGuid = {B8724F7B-5F4D-4757-901C-91D660D3490B}
	EndGlobalSection
EndGlobal
