
Microsoft Visual Studio Solution File, Format Version 12.00
# Visual Studio Version 17
VisualStudioVersion = 17.5.002.0
MinimumVisualStudioVersion = 10.0.40219.1
Project("{9A19103F-16F7-4668-BE54-9A1E7A4F7556}") = "DesafiosDeCodigo", "DesafiosDeCodigo.csproj", "{3B84FBCE-ABC5-4D1A-82DD-8AB4B21B3A85}"
EndProject
Global
	GlobalSection(SolutionConfigurationPlatforms) = preSolution
		Debug|Any CPU = Debug|Any CPU
		Release|Any CPU = Release|Any CPU
	EndGlobalSection
	GlobalSection(ProjectConfigurationPlatforms) = postSolution
		{3B84FBCE-ABC5-4D1A-82DD-8AB4B21B3A85}.Debug|Any CPU.ActiveCfg = Debug|Any CPU
		{3B84FBCE-ABC5-4D1A-82DD-8AB4B21B3A85}.Debug|Any CPU.Build.0 = Debug|Any CPU
		{3B84FBCE-ABC5-4D1A-82DD-8AB4B21B3A85}.Release|Any CPU.ActiveCfg = Release|Any CPU
		{3B84FBCE-ABC5-4D1A-82DD-8AB4B21B3A85}.Release|Any CPU.Build.0 = Release|Any CPU
	EndGlobalSection
	GlobalSection(SolutionProperties) = preSolution
		HideSolutionNode = FALSE
	EndGlobalSection
	GlobalSection(ExtensibilityGlobals) = postSolution
		SolutionGuid = {9BB96946-F53A-4183-BD83-E3CE522F2D39}
	EndGlobalSection
EndGlobal
